
Microsoft Visual Studio Solution File, Format Version 12.00
# Visual Studio 2012
Project("{FAE04EC0-301F-11D3-BF4B-00C04F79EFBC}") = "Demons", "Demons\Demons.csproj", "{686D05F2-D391-4046-8C73-55E6E4F0EDF1}"
EndProject
Project("{FAE04EC0-301F-11D3-BF4B-00C04F79EFBC}") = "HNAssistant", "..\HNAssistant\HNAssistant\HNAssistant.csproj", "{78901356-C3F4-4786-AD51-4BA198636AAA}"
EndProject
Global
	GlobalSection(SolutionConfigurationPlatforms) = preSolution
		Debug|Any CPU = Debug|Any CPU
		Release|Any CPU = Release|Any CPU
	EndGlobalSection
	GlobalSection(ProjectConfigurationPlatforms) = postSolution
		{686D05F2-D391-4046-8C73-55E6E4F0EDF1}.Debug|Any CPU.ActiveCfg = Debug|Any CPU
		{686D05F2-D391-4046-8C73-55E6E4F0EDF1}.Debug|Any CPU.Build.0 = Debug|Any CPU
		{686D05F2-D391-4046-8C73-55E6E4F0EDF1}.Release|Any CPU.ActiveCfg = Release|Any CPU
		{686D05F2-D391-4046-8C73-55E6E4F0EDF1}.Release|Any CPU.Build.0 = Release|Any CPU
		{78901356-C3F4-4786-AD51-4BA198636AAA}.Debug|Any CPU.ActiveCfg = Debug|Any CPU
		{78901356-C3F4-4786-AD51-4BA198636AAA}.Debug|Any CPU.Build.0 = Debug|Any CPU
		{78901356-C3F4-4786-AD51-4BA198636AAA}.Release|Any CPU.ActiveCfg = Release|Any CPU
		{78901356-C3F4-4786-AD51-4BA198636AAA}.Release|Any CPU.Build.0 = Release|Any CPU
	EndGlobalSection
	GlobalSection(SolutionProperties) = preSolution
		HideSolutionNode = FALSE
	EndGlobalSection
EndGlobal
